
Microsoft Visual Studio Solution File, Format Version 12.00
Project("{FAE04EC0-301F-11D3-BF4B-00C04F79EFBC}") = "DuOps.Core", "src\DuOps.Core\DuOps.Core.csproj", "{2741D54B-A96C-4680-A2E8-9FF50F6EF766}"
EndProject
Project("{FAE04EC0-301F-11D3-BF4B-00C04F79EFBC}") = "DuOps.Hangfire", "src\DuOps.Hangfire\DuOps.Hangfire.csproj", "{AB66B1F8-6F6D-4568-AD67-8F3C0EEA5D4D}"
EndProject
Project("{FAE04EC0-301F-11D3-BF4B-00C04F79EFBC}") = "DuOps.Testing", "src\DuOps.Testing\DuOps.Testing.csproj", "{429C3F1E-CEF9-442B-B2DD-E4F60FC26D21}"
EndProject
Project("{2150E333-8FDC-42A3-9474-1A3956D46DE8}") = "Tests", "Tests", "{9617F14E-DBA4-49A4-B1EE-BACF8160F49E}"
	ProjectSection(SolutionItems) = preProject
		tests\Directory.Build.props = tests\Directory.Build.props
	EndProjectSection
EndProject
Project("{FAE04EC0-301F-11D3-BF4B-00C04F79EFBC}") = "DuOps.Core.Tests", "tests\DuOps.Core.Tests\DuOps.Core.Tests.csproj", "{309D1B2C-B4DE-411A-B6E3-5444A21C6DD1}"
EndProject
Project("{2150E333-8FDC-42A3-9474-1A3956D46DE8}") = "Src", "Src", "{D96471CD-3267-48EA-A33D-41339563156B}"
EndProject
Project("{FAE04EC0-301F-11D3-BF4B-00C04F79EFBC}") = "DuOps.Npgsql", "src\DuOps.Npgsql\DuOps.Npgsql.csproj", "{137A1B15-32F0-4B60-B76A-A067B7A1B228}"
EndProject
Project("{FAE04EC0-301F-11D3-BF4B-00C04F79EFBC}") = "DuOps.Npgsql.Tests", "tests\DuOps.Npgsql.Tests\DuOps.Npgsql.Tests.csproj", "{F09BDD66-B0B0-4249-A117-B01D07165107}"
EndProject
Project("{2150E333-8FDC-42A3-9474-1A3956D46DE8}") = "Samples", "Samples", "{75A55A2A-D54D-420E-9C7A-37C0DA2B45D5}"
	ProjectSection(SolutionItems) = preProject
		samples\Directory.Build.props = samples\Directory.Build.props
	EndProjectSection
EndProject
Project("{FAE04EC0-301F-11D3-BF4B-00C04F79EFBC}") = "DuOps.Samples.WebApi", "samples\DuOps.Samples.WebApi\DuOps.Samples.WebApi.csproj", "{EDDBF12C-3DC9-48F2-B508-A4FAFBBD2CF9}"
EndProject
Project("{FAE04EC0-301F-11D3-BF4B-00C04F79EFBC}") = "DuOps.OpenTelemetry", "src\DuOps.OpenTelemetry\DuOps.OpenTelemetry.csproj", "{C3580E4E-C4FE-4B1F-BEC9-62B7FE4B7DB2}"
EndProject
Project("{FAE04EC0-301F-11D3-BF4B-00C04F79EFBC}") = "DuOps.InMemory", "src\DuOps.InMemory\DuOps.InMemory.csproj", "{B6BB5FE1-9A4F-4D26-A15F-1E928E105ED8}"
EndProject
Project("{FAE04EC0-301F-11D3-BF4B-00C04F79EFBC}") = "DuOps.Npgsql.Migrations", "src\DuOps.Npgsql.Migrations\DuOps.Npgsql.Migrations.csproj", "{92417E11-9270-48D1-AEC6-BE07B4BB7ADB}"
EndProject
Project("{2150E333-8FDC-42A3-9474-1A3956D46DE8}") = "common", "common", "{12D0D200-9D73-4246-AABB-1F5016FAE787}"
	ProjectSection(SolutionItems) = preProject
		Directory.Build.props = Directory.Build.props
		.gitignore = .gitignore
		README.md = README.md
		.config\dotnet-tools.json = .config\dotnet-tools.json
		Directory.Packages.props = Directory.Packages.props
	EndProjectSection
EndProject
Global
	GlobalSection(SolutionConfigurationPlatforms) = preSolution
		Debug|Any CPU = Debug|Any CPU
		Release|Any CPU = Release|Any CPU
	EndGlobalSection
	GlobalSection(ProjectConfigurationPlatforms) = postSolution
		{2741D54B-A96C-4680-A2E8-9FF50F6EF766}.Debug|Any CPU.ActiveCfg = Debug|Any CPU
		{2741D54B-A96C-4680-A2E8-9FF50F6EF766}.Debug|Any CPU.Build.0 = Debug|Any CPU
		{2741D54B-A96C-4680-A2E8-9FF50F6EF766}.Release|Any CPU.ActiveCfg = Release|Any CPU
		{2741D54B-A96C-4680-A2E8-9FF50F6EF766}.Release|Any CPU.Build.0 = Release|Any CPU
		{AB66B1F8-6F6D-4568-AD67-8F3C0EEA5D4D}.Debug|Any CPU.ActiveCfg = Debug|Any CPU
		{AB66B1F8-6F6D-4568-AD67-8F3C0EEA5D4D}.Debug|Any CPU.Build.0 = Debug|Any CPU
		{AB66B1F8-6F6D-4568-AD67-8F3C0EEA5D4D}.Release|Any CPU.ActiveCfg = Release|Any CPU
		{AB66B1F8-6F6D-4568-AD67-8F3C0EEA5D4D}.Release|Any CPU.Build.0 = Release|Any CPU
		{429C3F1E-CEF9-442B-B2DD-E4F60FC26D21}.Debug|Any CPU.ActiveCfg = Debug|Any CPU
		{429C3F1E-CEF9-442B-B2DD-E4F60FC26D21}.Debug|Any CPU.Build.0 = Debug|Any CPU
		{429C3F1E-CEF9-442B-B2DD-E4F60FC26D21}.Release|Any CPU.ActiveCfg = Release|Any CPU
		{429C3F1E-CEF9-442B-B2DD-E4F60FC26D21}.Release|Any CPU.Build.0 = Release|Any CPU
		{309D1B2C-B4DE-411A-B6E3-5444A21C6DD1}.Debug|Any CPU.ActiveCfg = Debug|Any CPU
		{309D1B2C-B4DE-411A-B6E3-5444A21C6DD1}.Debug|Any CPU.Build.0 = Debug|Any CPU
		{309D1B2C-B4DE-411A-B6E3-5444A21C6DD1}.Release|Any CPU.ActiveCfg = Release|Any CPU
		{309D1B2C-B4DE-411A-B6E3-5444A21C6DD1}.Release|Any CPU.Build.0 = Release|Any CPU
		{137A1B15-32F0-4B60-B76A-A067B7A1B228}.Debug|Any CPU.ActiveCfg = Debug|Any CPU
		{137A1B15-32F0-4B60-B76A-A067B7A1B228}.Debug|Any CPU.Build.0 = Debug|Any CPU
		{137A1B15-32F0-4B60-B76A-A067B7A1B228}.Release|Any CPU.ActiveCfg = Release|Any CPU
		{137A1B15-32F0-4B60-B76A-A067B7A1B228}.Release|Any CPU.Build.0 = Release|Any CPU
		{F09BDD66-B0B0-4249-A117-B01D07165107}.Debug|Any CPU.ActiveCfg = Debug|Any CPU
		{F09BDD66-B0B0-4249-A117-B01D07165107}.Debug|Any CPU.Build.0 = Debug|Any CPU
		{F09BDD66-B0B0-4249-A117-B01D07165107}.Release|Any CPU.ActiveCfg = Release|Any CPU
		{F09BDD66-B0B0-4249-A117-B01D07165107}.Release|Any CPU.Build.0 = Release|Any CPU
		{EDDBF12C-3DC9-48F2-B508-A4FAFBBD2CF9}.Debug|Any CPU.ActiveCfg = Debug|Any CPU
		{EDDBF12C-3DC9-48F2-B508-A4FAFBBD2CF9}.Debug|Any CPU.Build.0 = Debug|Any CPU
		{EDDBF12C-3DC9-48F2-B508-A4FAFBBD2CF9}.Release|Any CPU.ActiveCfg = Release|Any CPU
		{EDDBF12C-3DC9-48F2-B508-A4FAFBBD2CF9}.Release|Any CPU.Build.0 = Release|Any CPU
		{C3580E4E-C4FE-4B1F-BEC9-62B7FE4B7DB2}.Debug|Any CPU.ActiveCfg = Debug|Any CPU
		{C3580E4E-C4FE-4B1F-BEC9-62B7FE4B7DB2}.Debug|Any CPU.Build.0 = Debug|Any CPU
		{C3580E4E-C4FE-4B1F-BEC9-62B7FE4B7DB2}.Release|Any CPU.ActiveCfg = Release|Any CPU
		{C3580E4E-C4FE-4B1F-BEC9-62B7FE4B7DB2}.Release|Any CPU.Build.0 = Release|Any CPU
		{B6BB5FE1-9A4F-4D26-A15F-1E928E105ED8}.Debug|Any CPU.ActiveCfg = Debug|Any CPU
		{B6BB5FE1-9A4F-4D26-A15F-1E928E105ED8}.Debug|Any CPU.Build.0 = Debug|Any CPU
		{B6BB5FE1-9A4F-4D26-A15F-1E928E105ED8}.Release|Any CPU.ActiveCfg = Release|Any CPU
		{B6BB5FE1-9A4F-4D26-A15F-1E928E105ED8}.Release|Any CPU.Build.0 = Release|Any CPU
		{92417E11-9270-48D1-AEC6-BE07B4BB7ADB}.Debug|Any CPU.ActiveCfg = Debug|Any CPU
		{92417E11-9270-48D1-AEC6-BE07B4BB7ADB}.Debug|Any CPU.Build.0 = Debug|Any CPU
		{92417E11-9270-48D1-AEC6-BE07B4BB7ADB}.Release|Any CPU.ActiveCfg = Release|Any CPU
		{92417E11-9270-48D1-AEC6-BE07B4BB7ADB}.Release|Any CPU.Build.0 = Release|Any CPU
	EndGlobalSection
	GlobalSection(NestedProjects) = preSolution
		{309D1B2C-B4DE-411A-B6E3-5444A21C6DD1} = {9617F14E-DBA4-49A4-B1EE-BACF8160F49E}
		{2741D54B-A96C-4680-A2E8-9FF50F6EF766} = {D96471CD-3267-48EA-A33D-41339563156B}
		{AB66B1F8-6F6D-4568-AD67-8F3C0EEA5D4D} = {D96471CD-3267-48EA-A33D-41339563156B}
		{429C3F1E-CEF9-442B-B2DD-E4F60FC26D21} = {D96471CD-3267-48EA-A33D-41339563156B}
		{137A1B15-32F0-4B60-B76A-A067B7A1B228} = {D96471CD-3267-48EA-A33D-41339563156B}
		{F09BDD66-B0B0-4249-A117-B01D07165107} = {9617F14E-DBA4-49A4-B1EE-BACF8160F49E}
		{EDDBF12C-3DC9-48F2-B508-A4FAFBBD2CF9} = {75A55A2A-D54D-420E-9C7A-37C0DA2B45D5}
		{C3580E4E-C4FE-4B1F-BEC9-62B7FE4B7DB2} = {D96471CD-3267-48EA-A33D-41339563156B}
		{B6BB5FE1-9A4F-4D26-A15F-1E928E105ED8} = {D96471CD-3267-48EA-A33D-41339563156B}
		{92417E11-9270-48D1-AEC6-BE07B4BB7ADB} = {D96471CD-3267-48EA-A33D-41339563156B}
	EndGlobalSection
EndGlobal
