
Microsoft Visual Studio Solution File, Format Version 12.00
Project("{FAE04EC0-301F-11D3-BF4B-00C04F79EFBC}") = "DuOps.Core", "src\DuOps.Core\DuOps.Core.csproj", "{2741D54B-A96C-4680-A2E8-9FF50F6EF766}"
EndProject
Project("{FAE04EC0-301F-11D3-BF4B-00C04F79EFBC}") = "DuOps.Hangfire", "src\DuOps.Hangfire\DuOps.Hangfire.csproj", "{AB66B1F8-6F6D-4568-AD67-8F3C0EEA5D4D}"
EndProject
Project("{FAE04EC0-301F-11D3-BF4B-00C04F79EFBC}") = "DuOps.Testing", "src\DuOps.Testing\DuOps.Testing.csproj", "{429C3F1E-CEF9-442B-B2DD-E4F60FC26D21}"
EndProject
Project("{2150E333-8FDC-42A3-9474-1A3956D46DE8}") = "Tests", "Tests", "{9617F14E-DBA4-49A4-B1EE-BACF8160F49E}"
EndProject
Project("{FAE04EC0-301F-11D3-BF4B-00C04F79EFBC}") = "DuOps.Core.Tests", "tests\DuOps.Core.Tests\DuOps.Core.Tests.csproj", "{309D1B2C-B4DE-411A-B6E3-5444A21C6DD1}"
EndProject
Project("{FAE04EC0-301F-11D3-BF4B-00C04F79EFBC}") = "DuOps.Hangfire.Tests", "tests\DuOps.Hangfire.Tests\DuOps.Hangfire.Tests.csproj", "{EDCA1564-A2CD-44CF-B08D-8BA0F88ED4D3}"
EndProject
Global
	GlobalSection(SolutionConfigurationPlatforms) = preSolution
		Debug|Any CPU = Debug|Any CPU
		Release|Any CPU = Release|Any CPU
	EndGlobalSection
	GlobalSection(ProjectConfigurationPlatforms) = postSolution
		{2741D54B-A96C-4680-A2E8-9FF50F6EF766}.Debug|Any CPU.ActiveCfg = Debug|Any CPU
		{2741D54B-A96C-4680-A2E8-9FF50F6EF766}.Debug|Any CPU.Build.0 = Debug|Any CPU
		{2741D54B-A96C-4680-A2E8-9FF50F6EF766}.Release|Any CPU.ActiveCfg = Release|Any CPU
		{2741D54B-A96C-4680-A2E8-9FF50F6EF766}.Release|Any CPU.Build.0 = Release|Any CPU
		{AB66B1F8-6F6D-4568-AD67-8F3C0EEA5D4D}.Debug|Any CPU.ActiveCfg = Debug|Any CPU
		{AB66B1F8-6F6D-4568-AD67-8F3C0EEA5D4D}.Debug|Any CPU.Build.0 = Debug|Any CPU
		{AB66B1F8-6F6D-4568-AD67-8F3C0EEA5D4D}.Release|Any CPU.ActiveCfg = Release|Any CPU
		{AB66B1F8-6F6D-4568-AD67-8F3C0EEA5D4D}.Release|Any CPU.Build.0 = Release|Any CPU
		{429C3F1E-CEF9-442B-B2DD-E4F60FC26D21}.Debug|Any CPU.ActiveCfg = Debug|Any CPU
		{429C3F1E-CEF9-442B-B2DD-E4F60FC26D21}.Debug|Any CPU.Build.0 = Debug|Any CPU
		{429C3F1E-CEF9-442B-B2DD-E4F60FC26D21}.Release|Any CPU.ActiveCfg = Release|Any CPU
		{429C3F1E-CEF9-442B-B2DD-E4F60FC26D21}.Release|Any CPU.Build.0 = Release|Any CPU
		{309D1B2C-B4DE-411A-B6E3-5444A21C6DD1}.Debug|Any CPU.ActiveCfg = Debug|Any CPU
		{309D1B2C-B4DE-411A-B6E3-5444A21C6DD1}.Debug|Any CPU.Build.0 = Debug|Any CPU
		{309D1B2C-B4DE-411A-B6E3-5444A21C6DD1}.Release|Any CPU.ActiveCfg = Release|Any CPU
		{309D1B2C-B4DE-411A-B6E3-5444A21C6DD1}.Release|Any CPU.Build.0 = Release|Any CPU
		{EDCA1564-A2CD-44CF-B08D-8BA0F88ED4D3}.Debug|Any CPU.ActiveCfg = Debug|Any CPU
		{EDCA1564-A2CD-44CF-B08D-8BA0F88ED4D3}.Debug|Any CPU.Build.0 = Debug|Any CPU
		{EDCA1564-A2CD-44CF-B08D-8BA0F88ED4D3}.Release|Any CPU.ActiveCfg = Release|Any CPU
		{EDCA1564-A2CD-44CF-B08D-8BA0F88ED4D3}.Release|Any CPU.Build.0 = Release|Any CPU
	EndGlobalSection
	GlobalSection(NestedProjects) = preSolution
		{309D1B2C-B4DE-411A-B6E3-5444A21C6DD1} = {9617F14E-DBA4-49A4-B1EE-BACF8160F49E}
		{EDCA1564-A2CD-44CF-B08D-8BA0F88ED4D3} = {9617F14E-DBA4-49A4-B1EE-BACF8160F49E}
	EndGlobalSection
EndGlobal
